
Microsoft Visual Studio Solution File, Format Version 12.00
# Visual Studio Version 16
VisualStudioVersion = 16.0.30413.136
MinimumVisualStudioVersion = 10.0.40219.1
Project("{9A19103F-16F7-4668-BE54-9A1E7A4F7556}") = "DataAccess", "DataAccess\DataAccess.csproj", "{38CC4366-863A-4A95-8CB0-7C04D96D176F}"
EndProject
Project("{9A19103F-16F7-4668-BE54-9A1E7A4F7556}") = "Business", "Business\Business.csproj", "{8E6EF3D9-24C8-41CE-A799-1950F2C9F4AA}"
EndProject
Project("{9A19103F-16F7-4668-BE54-9A1E7A4F7556}") = "Entities", "Entities\Entities.csproj", "{62073588-4CED-49CA-86E5-08FB84C0A4F6}"
EndProject
Project("{9A19103F-16F7-4668-BE54-9A1E7A4F7556}") = "Core", "Core\Core.csproj", "{57B44E1E-4FD8-47FB-9B4C-A47B13BC50A5}"
EndProject
Project("{9A19103F-16F7-4668-BE54-9A1E7A4F7556}") = "UIPreparation", "UiPreparation\UIPreparation.csproj", "{73B1B240-093C-4C88-ABE9-C9D8CC9C9818}"
EndProject
Project("{9A19103F-16F7-4668-BE54-9A1E7A4F7556}") = "WebAPI", "WebAPI\WebAPI.csproj", "{2C12C4C3-51CF-4507-8916-17B96C750634}"
EndProject
Global
	GlobalSection(SolutionConfigurationPlatforms) = preSolution
		Debug|Any CPU = Debug|Any CPU
		Release|Any CPU = Release|Any CPU
	EndGlobalSection
	GlobalSection(ProjectConfigurationPlatforms) = postSolution
		{38CC4366-863A-4A95-8CB0-7C04D96D176F}.Debug|Any CPU.ActiveCfg = Debug|Any CPU
		{38CC4366-863A-4A95-8CB0-7C04D96D176F}.Debug|Any CPU.Build.0 = Debug|Any CPU
		{38CC4366-863A-4A95-8CB0-7C04D96D176F}.Release|Any CPU.ActiveCfg = Release|Any CPU
		{38CC4366-863A-4A95-8CB0-7C04D96D176F}.Release|Any CPU.Build.0 = Release|Any CPU
		{8E6EF3D9-24C8-41CE-A799-1950F2C9F4AA}.Debug|Any CPU.ActiveCfg = Debug|Any CPU
		{8E6EF3D9-24C8-41CE-A799-1950F2C9F4AA}.Debug|Any CPU.Build.0 = Debug|Any CPU
		{8E6EF3D9-24C8-41CE-A799-1950F2C9F4AA}.Release|Any CPU.ActiveCfg = Release|Any CPU
		{8E6EF3D9-24C8-41CE-A799-1950F2C9F4AA}.Release|Any CPU.Build.0 = Release|Any CPU
		{62073588-4CED-49CA-86E5-08FB84C0A4F6}.Debug|Any CPU.ActiveCfg = Debug|Any CPU
		{62073588-4CED-49CA-86E5-08FB84C0A4F6}.Debug|Any CPU.Build.0 = Debug|Any CPU
		{62073588-4CED-49CA-86E5-08FB84C0A4F6}.Release|Any CPU.ActiveCfg = Release|Any CPU
		{62073588-4CED-49CA-86E5-08FB84C0A4F6}.Release|Any CPU.Build.0 = Release|Any CPU
		{57B44E1E-4FD8-47FB-9B4C-A47B13BC50A5}.Debug|Any CPU.ActiveCfg = Debug|Any CPU
		{57B44E1E-4FD8-47FB-9B4C-A47B13BC50A5}.Debug|Any CPU.Build.0 = Debug|Any CPU
		{57B44E1E-4FD8-47FB-9B4C-A47B13BC50A5}.Release|Any CPU.ActiveCfg = Release|Any CPU
		{57B44E1E-4FD8-47FB-9B4C-A47B13BC50A5}.Release|Any CPU.Build.0 = Release|Any CPU
		{73B1B240-093C-4C88-ABE9-C9D8CC9C9818}.Debug|Any CPU.ActiveCfg = Debug|Any CPU
		{73B1B240-093C-4C88-ABE9-C9D8CC9C9818}.Debug|Any CPU.Build.0 = Debug|Any CPU
		{73B1B240-093C-4C88-ABE9-C9D8CC9C9818}.Release|Any CPU.ActiveCfg = Release|Any CPU
		{73B1B240-093C-4C88-ABE9-C9D8CC9C9818}.Release|Any CPU.Build.0 = Release|Any CPU
		{2C12C4C3-51CF-4507-8916-17B96C750634}.Debug|Any CPU.ActiveCfg = Debug|Any CPU
		{2C12C4C3-51CF-4507-8916-17B96C750634}.Debug|Any CPU.Build.0 = Debug|Any CPU
		{2C12C4C3-51CF-4507-8916-17B96C750634}.Release|Any CPU.ActiveCfg = Release|Any CPU
		{2C12C4C3-51CF-4507-8916-17B96C750634}.Release|Any CPU.Build.0 = Release|Any CPU
	EndGlobalSection
	GlobalSection(SolutionProperties) = preSolution
		HideSolutionNode = FALSE
	EndGlobalSection
	GlobalSection(ExtensibilityGlobals) = postSolution
		SolutionGuid = {BAC90450-C7D5-4770-B838-D2CA8408C571}
	EndGlobalSection
EndGlobal
